
Microsoft Visual Studio Solution File, Format Version 12.00
# Visual Studio Version 16
VisualStudioVersion = 16.0.30804.86
MinimumVisualStudioVersion = 10.0.40219.1
Project("{FAE04EC0-301F-11D3-BF4B-00C04F79EFBC}") = "FacadePattern", "FacadePattern\FacadePattern.csproj", "{8A2431AF-B584-4569-9147-9DA6D7639C39}"
EndProject
Global
	GlobalSection(SolutionConfigurationPlatforms) = preSolution
		Debug|Any CPU = Debug|Any CPU
		Release|Any CPU = Release|Any CPU
	EndGlobalSection
	GlobalSection(ProjectConfigurationPlatforms) = postSolution
		{8A2431AF-B584-4569-9147-9DA6D7639C39}.Debug|Any CPU.ActiveCfg = Debug|Any CPU
		{8A2431AF-B584-4569-9147-9DA6D7639C39}.Debug|Any CPU.Build.0 = Debug|Any CPU
		{8A2431AF-B584-4569-9147-9DA6D7639C39}.Release|Any CPU.ActiveCfg = Release|Any CPU
		{8A2431AF-B584-4569-9147-9DA6D7639C39}.Release|Any CPU.Build.0 = Release|Any CPU
	EndGlobalSection
	GlobalSection(SolutionProperties) = preSolution
		HideSolutionNode = FALSE
	EndGlobalSection
	GlobalSection(ExtensibilityGlobals) = postSolution
		SolutionGuid = {C52DD894-682D-4F83-A618-90ECEEE41DF3}
	EndGlobalSection
EndGlobal
